
Microsoft Visual Studio Solution File, Format Version 12.00
# Visual Studio Version 17
VisualStudioVersion = 17.1.32414.318
MinimumVisualStudioVersion = 10.0.40219.1
Project("{FAE04EC0-301F-11D3-BF4B-00C04F79EFBC}") = "CRMBL", "CRMBL\CRMBL.csproj", "{C44209AC-09A5-41E8-B343-46359FD53103}"
EndProject
Project("{FAE04EC0-301F-11D3-BF4B-00C04F79EFBC}") = "UserInterface", "UserInterface\UserInterface.csproj", "{3B536FC5-5C62-4F9C-AFA6-0E5451C34B69}"
EndProject
Project("{FAE04EC0-301F-11D3-BF4B-00C04F79EFBC}") = "Tests", "Tests\Tests.csproj", "{A09CFB42-9107-427C-A45F-4C6528E7A9E0}"
EndProject
Global
	GlobalSection(SolutionConfigurationPlatforms) = preSolution
		Debug|Any CPU = Debug|Any CPU
		Release|Any CPU = Release|Any CPU
	EndGlobalSection
	GlobalSection(ProjectConfigurationPlatforms) = postSolution
		{C44209AC-09A5-41E8-B343-46359FD53103}.Debug|Any CPU.ActiveCfg = Debug|Any CPU
		{C44209AC-09A5-41E8-B343-46359FD53103}.Debug|Any CPU.Build.0 = Debug|Any CPU
		{C44209AC-09A5-41E8-B343-46359FD53103}.Release|Any CPU.ActiveCfg = Release|Any CPU
		{C44209AC-09A5-41E8-B343-46359FD53103}.Release|Any CPU.Build.0 = Release|Any CPU
		{3B536FC5-5C62-4F9C-AFA6-0E5451C34B69}.Debug|Any CPU.ActiveCfg = Debug|Any CPU
		{3B536FC5-5C62-4F9C-AFA6-0E5451C34B69}.Debug|Any CPU.Build.0 = Debug|Any CPU
		{3B536FC5-5C62-4F9C-AFA6-0E5451C34B69}.Release|Any CPU.ActiveCfg = Release|Any CPU
		{3B536FC5-5C62-4F9C-AFA6-0E5451C34B69}.Release|Any CPU.Build.0 = Release|Any CPU
		{A09CFB42-9107-427C-A45F-4C6528E7A9E0}.Debug|Any CPU.ActiveCfg = Debug|Any CPU
		{A09CFB42-9107-427C-A45F-4C6528E7A9E0}.Debug|Any CPU.Build.0 = Debug|Any CPU
		{A09CFB42-9107-427C-A45F-4C6528E7A9E0}.Release|Any CPU.ActiveCfg = Release|Any CPU
		{A09CFB42-9107-427C-A45F-4C6528E7A9E0}.Release|Any CPU.Build.0 = Release|Any CPU
	EndGlobalSection
	GlobalSection(SolutionProperties) = preSolution
		HideSolutionNode = FALSE
	EndGlobalSection
	GlobalSection(ExtensibilityGlobals) = postSolution
		SolutionGuid = {A597C3CD-1867-4747-99D8-5042D55BE1D6}
	EndGlobalSection
EndGlobal
